
Microsoft Visual Studio Solution File, Format Version 12.00
# Visual Studio 15
VisualStudioVersion = 15.0.26124.0
MinimumVisualStudioVersion = 15.0.26124.0
Project("{FAE04EC0-301F-11D3-BF4B-00C04F79EFBC}") = "API", "API\API.csproj", "{C9B32AE3-4F39-4B04-AB23-C3F06F8D405F}"
EndProject
Project("{FAE04EC0-301F-11D3-BF4B-00C04F79EFBC}") = "Core", "Core\Core.csproj", "{65074A07-6913-410A-A601-D559FC0A921B}"
EndProject
Project("{FAE04EC0-301F-11D3-BF4B-00C04F79EFBC}") = "Infrastructure", "Infrastructure\Infrastructure.csproj", "{DAE4D03B-1741-4B7F-B47D-D488AFA1CB57}"
EndProject
Global
	GlobalSection(SolutionConfigurationPlatforms) = preSolution
		Debug|Any CPU = Debug|Any CPU
		Debug|x64 = Debug|x64
		Debug|x86 = Debug|x86
		Release|Any CPU = Release|Any CPU
		Release|x64 = Release|x64
		Release|x86 = Release|x86
	EndGlobalSection
	GlobalSection(SolutionProperties) = preSolution
		HideSolutionNode = FALSE
	EndGlobalSection
	GlobalSection(ProjectConfigurationPlatforms) = postSolution
		{C9B32AE3-4F39-4B04-AB23-C3F06F8D405F}.Debug|Any CPU.ActiveCfg = Debug|Any CPU
		{C9B32AE3-4F39-4B04-AB23-C3F06F8D405F}.Debug|Any CPU.Build.0 = Debug|Any CPU
		{C9B32AE3-4F39-4B04-AB23-C3F06F8D405F}.Debug|x64.ActiveCfg = Debug|Any CPU
		{C9B32AE3-4F39-4B04-AB23-C3F06F8D405F}.Debug|x64.Build.0 = Debug|Any CPU
		{C9B32AE3-4F39-4B04-AB23-C3F06F8D405F}.Debug|x86.ActiveCfg = Debug|Any CPU
		{C9B32AE3-4F39-4B04-AB23-C3F06F8D405F}.Debug|x86.Build.0 = Debug|Any CPU
		{C9B32AE3-4F39-4B04-AB23-C3F06F8D405F}.Release|Any CPU.ActiveCfg = Release|Any CPU
		{C9B32AE3-4F39-4B04-AB23-C3F06F8D405F}.Release|Any CPU.Build.0 = Release|Any CPU
		{C9B32AE3-4F39-4B04-AB23-C3F06F8D405F}.Release|x64.ActiveCfg = Release|Any CPU
		{C9B32AE3-4F39-4B04-AB23-C3F06F8D405F}.Release|x64.Build.0 = Release|Any CPU
		{C9B32AE3-4F39-4B04-AB23-C3F06F8D405F}.Release|x86.ActiveCfg = Release|Any CPU
		{C9B32AE3-4F39-4B04-AB23-C3F06F8D405F}.Release|x86.Build.0 = Release|Any CPU
		{65074A07-6913-410A-A601-D559FC0A921B}.Debug|Any CPU.ActiveCfg = Debug|Any CPU
		{65074A07-6913-410A-A601-D559FC0A921B}.Debug|Any CPU.Build.0 = Debug|Any CPU
		{65074A07-6913-410A-A601-D559FC0A921B}.Debug|x64.ActiveCfg = Debug|Any CPU
		{65074A07-6913-410A-A601-D559FC0A921B}.Debug|x64.Build.0 = Debug|Any CPU
		{65074A07-6913-410A-A601-D559FC0A921B}.Debug|x86.ActiveCfg = Debug|Any CPU
		{65074A07-6913-410A-A601-D559FC0A921B}.Debug|x86.Build.0 = Debug|Any CPU
		{65074A07-6913-410A-A601-D559FC0A921B}.Release|Any CPU.ActiveCfg = Release|Any CPU
		{65074A07-6913-410A-A601-D559FC0A921B}.Release|Any CPU.Build.0 = Release|Any CPU
		{65074A07-6913-410A-A601-D559FC0A921B}.Release|x64.ActiveCfg = Release|Any CPU
		{65074A07-6913-410A-A601-D559FC0A921B}.Release|x64.Build.0 = Release|Any CPU
		{65074A07-6913-410A-A601-D559FC0A921B}.Release|x86.ActiveCfg = Release|Any CPU
		{65074A07-6913-410A-A601-D559FC0A921B}.Release|x86.Build.0 = Release|Any CPU
		{DAE4D03B-1741-4B7F-B47D-D488AFA1CB57}.Debug|Any CPU.ActiveCfg = Debug|Any CPU
		{DAE4D03B-1741-4B7F-B47D-D488AFA1CB57}.Debug|Any CPU.Build.0 = Debug|Any CPU
		{DAE4D03B-1741-4B7F-B47D-D488AFA1CB57}.Debug|x64.ActiveCfg = Debug|Any CPU
		{DAE4D03B-1741-4B7F-B47D-D488AFA1CB57}.Debug|x64.Build.0 = Debug|Any CPU
		{DAE4D03B-1741-4B7F-B47D-D488AFA1CB57}.Debug|x86.ActiveCfg = Debug|Any CPU
		{DAE4D03B-1741-4B7F-B47D-D488AFA1CB57}.Debug|x86.Build.0 = Debug|Any CPU
		{DAE4D03B-1741-4B7F-B47D-D488AFA1CB57}.Release|Any CPU.ActiveCfg = Release|Any CPU
		{DAE4D03B-1741-4B7F-B47D-D488AFA1CB57}.Release|Any CPU.Build.0 = Release|Any CPU
		{DAE4D03B-1741-4B7F-B47D-D488AFA1CB57}.Release|x64.ActiveCfg = Release|Any CPU
		{DAE4D03B-1741-4B7F-B47D-D488AFA1CB57}.Release|x64.Build.0 = Release|Any CPU
		{DAE4D03B-1741-4B7F-B47D-D488AFA1CB57}.Release|x86.ActiveCfg = Release|Any CPU
		{DAE4D03B-1741-4B7F-B47D-D488AFA1CB57}.Release|x86.Build.0 = Release|Any CPU
	EndGlobalSection
EndGlobal
